
Microsoft Visual Studio Solution File, Format Version 12.00
# Visual Studio Version 16
VisualStudioVersion = 16.0.30002.166
MinimumVisualStudioVersion = 10.0.40219.1
Project("{FAE04EC0-301F-11D3-BF4B-00C04F79EFBC}") = "GameServer", "GameServer\GameServer.csproj", "{F7AA6B2E-A8AD-411E-B571-899F61B6F70E}"
EndProject
Project("{FAE04EC0-301F-11D3-BF4B-00C04F79EFBC}") = "GameClient", "GameClient\GameClient.csproj", "{AAF21EFC-C65E-4EB8-94D4-711B382293BC}"
EndProject
Global
	GlobalSection(SolutionConfigurationPlatforms) = preSolution
		Debug|Any CPU = Debug|Any CPU
		Release|Any CPU = Release|Any CPU
	EndGlobalSection
	GlobalSection(ProjectConfigurationPlatforms) = postSolution
		{F7AA6B2E-A8AD-411E-B571-899F61B6F70E}.Debug|Any CPU.ActiveCfg = Debug|Any CPU
		{F7AA6B2E-A8AD-411E-B571-899F61B6F70E}.Debug|Any CPU.Build.0 = Debug|Any CPU
		{F7AA6B2E-A8AD-411E-B571-899F61B6F70E}.Release|Any CPU.ActiveCfg = Release|Any CPU
		{F7AA6B2E-A8AD-411E-B571-899F61B6F70E}.Release|Any CPU.Build.0 = Release|Any CPU
		{AAF21EFC-C65E-4EB8-94D4-711B382293BC}.Debug|Any CPU.ActiveCfg = Debug|Any CPU
		{AAF21EFC-C65E-4EB8-94D4-711B382293BC}.Debug|Any CPU.Build.0 = Debug|Any CPU
		{AAF21EFC-C65E-4EB8-94D4-711B382293BC}.Release|Any CPU.ActiveCfg = Release|Any CPU
		{AAF21EFC-C65E-4EB8-94D4-711B382293BC}.Release|Any CPU.Build.0 = Release|Any CPU
	EndGlobalSection
	GlobalSection(SolutionProperties) = preSolution
		HideSolutionNode = FALSE
	EndGlobalSection
	GlobalSection(ExtensibilityGlobals) = postSolution
		SolutionGuid = {851227F3-19FE-4364-89DF-D1B751A4DC80}
	EndGlobalSection
EndGlobal
